
Microsoft Visual Studio Solution File, Format Version 12.00
# Visual Studio Version 17
VisualStudioVersion = 17.14.36511.14
MinimumVisualStudioVersion = 10.0.40219.1
Project("{FAE04EC0-301F-11D3-BF4B-00C04F79EFBC}") = "MarketData.Service", "MarketData.Service\MarketData.Service.csproj", "{A970C3E2-BC3F-48E3-8404-C420EFCB27A0}"
	ProjectSection(ProjectDependencies) = postProject
		{D70F75A2-516D-4996-ACFE-7536B6EAFAF6} = {D70F75A2-516D-4996-ACFE-7536B6EAFAF6}
	EndProjectSection
EndProject
Project("{E53339B2-1760-4266-BCC7-CA923CBCF16C}") = "docker-compose", "docker-compose.dcproj", "{81DDED9D-158B-E303-5F62-77A2896D2A5A}"
EndProject
Project("{FAE04EC0-301F-11D3-BF4B-00C04F79EFBC}") = "BuildingBlocks.Messaging", "BuildingBlocks.Messaging\BuildingBlocks.Messaging.csproj", "{D70F75A2-516D-4996-ACFE-7536B6EAFAF6}"
EndProject
Project("{FAE04EC0-301F-11D3-BF4B-00C04F79EFBC}") = "BuildingBlocks", "BuildingBlocks\BuildingBlocks.csproj", "{FF256BB1-7E6D-4B0B-8BD8-4F8A675D709E}"
EndProject
Project("{FAE04EC0-301F-11D3-BF4B-00C04F79EFBC}") = "Portfolio.Service", "Portfolio.Service\Portfolio.Service.csproj", "{1AC3EAE8-6AA5-4AC2-A8C8-2133107ED84E}"
EndProject
Project("{FAE04EC0-301F-11D3-BF4B-00C04F79EFBC}") = "Analytics.Domain", "Analytics.Domain\Analytics.Domain.csproj", "{19F40A1F-F484-4DED-8F14-E08E0F460EA8}"
EndProject
Project("{FAE04EC0-301F-11D3-BF4B-00C04F79EFBC}") = "Analytics.Infrastructure", "Analytics.Infrastructure\Analytics.Infrastructure.csproj", "{C86125D2-E39B-4417-A370-189A2939D431}"
EndProject
Project("{FAE04EC0-301F-11D3-BF4B-00C04F79EFBC}") = "Analytics.Application", "Analytics.Application\Analytics.Application.csproj", "{E1BC9179-4DBA-400F-A679-3E45108A888C}"
EndProject
Project("{FAE04EC0-301F-11D3-BF4B-00C04F79EFBC}") = "Analytics.API", "Analytics.API\Analytics.API.csproj", "{208829D1-B78F-48CF-B7F7-F73A06C17AA0}"
EndProject
Global
	GlobalSection(SolutionConfigurationPlatforms) = preSolution
		Debug|Any CPU = Debug|Any CPU
		Release|Any CPU = Release|Any CPU
	EndGlobalSection
	GlobalSection(ProjectConfigurationPlatforms) = postSolution
		{A970C3E2-BC3F-48E3-8404-C420EFCB27A0}.Debug|Any CPU.ActiveCfg = Debug|Any CPU
		{A970C3E2-BC3F-48E3-8404-C420EFCB27A0}.Debug|Any CPU.Build.0 = Debug|Any CPU
		{A970C3E2-BC3F-48E3-8404-C420EFCB27A0}.Release|Any CPU.ActiveCfg = Release|Any CPU
		{A970C3E2-BC3F-48E3-8404-C420EFCB27A0}.Release|Any CPU.Build.0 = Release|Any CPU
		{81DDED9D-158B-E303-5F62-77A2896D2A5A}.Debug|Any CPU.ActiveCfg = Debug|Any CPU
		{81DDED9D-158B-E303-5F62-77A2896D2A5A}.Debug|Any CPU.Build.0 = Debug|Any CPU
		{81DDED9D-158B-E303-5F62-77A2896D2A5A}.Release|Any CPU.ActiveCfg = Release|Any CPU
		{81DDED9D-158B-E303-5F62-77A2896D2A5A}.Release|Any CPU.Build.0 = Release|Any CPU
		{D70F75A2-516D-4996-ACFE-7536B6EAFAF6}.Debug|Any CPU.ActiveCfg = Debug|Any CPU
		{D70F75A2-516D-4996-ACFE-7536B6EAFAF6}.Debug|Any CPU.Build.0 = Debug|Any CPU
		{D70F75A2-516D-4996-ACFE-7536B6EAFAF6}.Release|Any CPU.ActiveCfg = Release|Any CPU
		{D70F75A2-516D-4996-ACFE-7536B6EAFAF6}.Release|Any CPU.Build.0 = Release|Any CPU
		{FF256BB1-7E6D-4B0B-8BD8-4F8A675D709E}.Debug|Any CPU.ActiveCfg = Debug|Any CPU
		{FF256BB1-7E6D-4B0B-8BD8-4F8A675D709E}.Debug|Any CPU.Build.0 = Debug|Any CPU
		{FF256BB1-7E6D-4B0B-8BD8-4F8A675D709E}.Release|Any CPU.ActiveCfg = Release|Any CPU
		{FF256BB1-7E6D-4B0B-8BD8-4F8A675D709E}.Release|Any CPU.Build.0 = Release|Any CPU
		{1AC3EAE8-6AA5-4AC2-A8C8-2133107ED84E}.Debug|Any CPU.ActiveCfg = Debug|Any CPU
		{1AC3EAE8-6AA5-4AC2-A8C8-2133107ED84E}.Debug|Any CPU.Build.0 = Debug|Any CPU
		{1AC3EAE8-6AA5-4AC2-A8C8-2133107ED84E}.Release|Any CPU.ActiveCfg = Release|Any CPU
		{1AC3EAE8-6AA5-4AC2-A8C8-2133107ED84E}.Release|Any CPU.Build.0 = Release|Any CPU
		{19F40A1F-F484-4DED-8F14-E08E0F460EA8}.Debug|Any CPU.ActiveCfg = Debug|Any CPU
		{19F40A1F-F484-4DED-8F14-E08E0F460EA8}.Debug|Any CPU.Build.0 = Debug|Any CPU
		{19F40A1F-F484-4DED-8F14-E08E0F460EA8}.Release|Any CPU.ActiveCfg = Release|Any CPU
		{19F40A1F-F484-4DED-8F14-E08E0F460EA8}.Release|Any CPU.Build.0 = Release|Any CPU
		{C86125D2-E39B-4417-A370-189A2939D431}.Debug|Any CPU.ActiveCfg = Debug|Any CPU
		{C86125D2-E39B-4417-A370-189A2939D431}.Debug|Any CPU.Build.0 = Debug|Any CPU
		{C86125D2-E39B-4417-A370-189A2939D431}.Release|Any CPU.ActiveCfg = Release|Any CPU
		{C86125D2-E39B-4417-A370-189A2939D431}.Release|Any CPU.Build.0 = Release|Any CPU
		{E1BC9179-4DBA-400F-A679-3E45108A888C}.Debug|Any CPU.ActiveCfg = Debug|Any CPU
		{E1BC9179-4DBA-400F-A679-3E45108A888C}.Debug|Any CPU.Build.0 = Debug|Any CPU
		{E1BC9179-4DBA-400F-A679-3E45108A888C}.Release|Any CPU.ActiveCfg = Release|Any CPU
		{E1BC9179-4DBA-400F-A679-3E45108A888C}.Release|Any CPU.Build.0 = Release|Any CPU
		{208829D1-B78F-48CF-B7F7-F73A06C17AA0}.Debug|Any CPU.ActiveCfg = Debug|Any CPU
		{208829D1-B78F-48CF-B7F7-F73A06C17AA0}.Debug|Any CPU.Build.0 = Debug|Any CPU
		{208829D1-B78F-48CF-B7F7-F73A06C17AA0}.Release|Any CPU.ActiveCfg = Release|Any CPU
		{208829D1-B78F-48CF-B7F7-F73A06C17AA0}.Release|Any CPU.Build.0 = Release|Any CPU
	EndGlobalSection
	GlobalSection(SolutionProperties) = preSolution
		HideSolutionNode = FALSE
	EndGlobalSection
	GlobalSection(ExtensibilityGlobals) = postSolution
		SolutionGuid = {AC2AD827-CE8F-4952-A242-94F1B7489C7F}
	EndGlobalSection
EndGlobal
